# This file is automatically @generated by Cargo.
# It is not intended for manual editing.
version = 4

[[package]]
name = "aiff-pcm-to-au-pcm"
version = "0.1.0"

[[package]]
name = "aiff-pcm-to-bw64-pcm"
version = "0.1.0"

[[package]]
name = "aiff-pcm-to-bwf-pcm"
version = "0.1.0"

[[package]]
name = "aiff-pcm-to-caf-pcm"
version = "0.1.0"

[[package]]
name = "aiff-pcm-to-rf64-pcm"
version = "0.1.0"

[[package]]
name = "aiff-pcm-to-wav-pcm"
version = "0.1.0"

[[package]]
name = "aiff-pcm-to-wave64-pcm"
version = "0.1.0"

[[package]]
name = "au-pcm-to-aiff-pcm"
version = "0.1.0"

[[package]]
name = "au-pcm-to-bw64-pcm"
version = "0.1.0"

[[package]]
name = "au-pcm-to-bwf-pcm"
version = "0.1.0"

[[package]]
name = "au-pcm-to-caf-pcm"
version = "0.1.0"

[[package]]
name = "au-pcm-to-rf64-pcm"
version = "0.1.0"

[[package]]
name = "au-pcm-to-wav-pcm"
version = "0.1.0"

[[package]]
name = "au-pcm-to-wave64-pcm"
version = "0.1.0"

[[package]]
name = "bmp-to-cur"
version = "0.1.0"

[[package]]
name = "bmp-to-gif"
version = "0.1.0"

[[package]]
name = "bmp-to-ico"
version = "0.1.0"

[[package]]
name = "bmp-to-pam"
version = "0.1.0"

[[package]]
name = "bmp-to-png"
version = "0.1.0"

[[package]]
name = "bmp-to-ppm"
version = "0.1.0"

[[package]]
name = "bmp-to-qoi"
version = "0.1.0"

[[package]]
name = "bmp-to-tga"
version = "0.1.0"

[[package]]
name = "bw64-pcm-to-aiff-pcm"
version = "0.1.0"

[[package]]
name = "bw64-pcm-to-au-pcm"
version = "0.1.0"

[[package]]
name = "bw64-pcm-to-bwf-pcm"
version = "0.1.0"

[[package]]
name = "bw64-pcm-to-caf-pcm"
version = "0.1.0"

[[package]]
name = "bw64-pcm-to-rf64-pcm"
version = "0.1.0"

[[package]]
name = "bw64-pcm-to-wav-pcm"
version = "0.1.0"

[[package]]
name = "bw64-pcm-to-wave64-pcm"
version = "0.1.0"

[[package]]
name = "bwf-pcm-to-aiff-pcm"
version = "0.1.0"

[[package]]
name = "bwf-pcm-to-au-pcm"
version = "0.1.0"

[[package]]
name = "bwf-pcm-to-bw64-pcm"
version = "0.1.0"

[[package]]
name = "bwf-pcm-to-caf-pcm"
version = "0.1.0"

[[package]]
name = "bwf-pcm-to-rf64-pcm"
version = "0.1.0"

[[package]]
name = "bwf-pcm-to-wav-pcm"
version = "0.1.0"

[[package]]
name = "bwf-pcm-to-wave64-pcm"
version = "0.1.0"

[[package]]
name = "caf-pcm-to-aiff-pcm"
version = "0.1.0"

[[package]]
name = "caf-pcm-to-au-pcm"
version = "0.1.0"

[[package]]
name = "caf-pcm-to-bw64-pcm"
version = "0.1.0"

[[package]]
name = "caf-pcm-to-bwf-pcm"
version = "0.1.0"

[[package]]
name = "caf-pcm-to-rf64-pcm"
version = "0.1.0"

[[package]]
name = "caf-pcm-to-wav-pcm"
version = "0.1.0"

[[package]]
name = "caf-pcm-to-wave64-pcm"
version = "0.1.0"

[[package]]
name = "cur-best-to-bmp"
version = "0.1.0"

[[package]]
name = "cur-best-to-png"
version = "0.1.0"

[[package]]
name = "cur-best-to-qoi"
version = "0.1.0"

[[package]]
name = "everythingx-adapter-aiff-pcm-to-au-pcm"
version = "0.1.0"
dependencies = [
 "aiff-pcm-to-au-pcm",
 "everythingx-protocol",
]

[[package]]
name = "everythingx-adapter-aiff-pcm-to-bw64-pcm"
version = "0.1.0"
dependencies = [
 "aiff-pcm-to-bw64-pcm",
 "everythingx-protocol",
]

[[package]]
name = "everythingx-adapter-aiff-pcm-to-bwf-pcm"
version = "0.1.0"
dependencies = [
 "aiff-pcm-to-bwf-pcm",
 "everythingx-protocol",
]

[[package]]
name = "everythingx-adapter-aiff-pcm-to-caf-pcm"
version = "0.1.0"
dependencies = [
 "aiff-pcm-to-caf-pcm",
 "everythingx-protocol",
]

[[package]]
name = "everythingx-adapter-aiff-pcm-to-rf64-pcm"
version = "0.1.0"
dependencies = [
 "aiff-pcm-to-rf64-pcm",
 "everythingx-protocol",
]

[[package]]
name = "everythingx-adapter-aiff-pcm-to-wav-pcm"
version = "0.1.0"
dependencies = [
 "aiff-pcm-to-wav-pcm",
 "everythingx-protocol",
]

[[package]]
name = "everythingx-adapter-aiff-pcm-to-wave64-pcm"
version = "0.1.0"
dependencies = [
 "aiff-pcm-to-wave64-pcm",
 "everythingx-protocol",
]

[[package]]
name = "everythingx-adapter-au-pcm-to-aiff-pcm"
version = "0.1.0"
dependencies = [
 "au-pcm-to-aiff-pcm",
 "everythingx-protocol",
]

[[package]]
name = "everythingx-adapter-au-pcm-to-bw64-pcm"
version = "0.1.0"
dependencies = [
 "au-pcm-to-bw64-pcm",
 "everythingx-protocol",
]

[[package]]
name = "everythingx-adapter-au-pcm-to-bwf-pcm"
version = "0.1.0"
dependencies = [
 "au-pcm-to-bwf-pcm",
 "everythingx-protocol",
]

[[package]]
name = "everythingx-adapter-au-pcm-to-caf-pcm"
version = "0.1.0"
dependencies = [
 "au-pcm-to-caf-pcm",
 "everythingx-protocol",
]

[[package]]
name = "everythingx-adapter-au-pcm-to-rf64-pcm"
version = "0.1.0"
dependencies = [
 "au-pcm-to-rf64-pcm",
 "everythingx-protocol",
]

[[package]]
name = "everythingx-adapter-au-pcm-to-wav-pcm"
version = "0.1.0"
dependencies = [
 "au-pcm-to-wav-pcm",
 "everythingx-protocol",
]

[[package]]
name = "everythingx-adapter-au-pcm-to-wave64-pcm"
version = "0.1.0"
dependencies = [
 "au-pcm-to-wave64-pcm",
 "everythingx-protocol",
]

[[package]]
name = "everythingx-adapter-bmp-to-cur"
version = "0.1.0"
dependencies = [
 "bmp-to-cur",
 "everythingx-protocol",
]

[[package]]
name = "everythingx-adapter-bmp-to-gif"
version = "0.1.0"
dependencies = [
 "bmp-to-gif",
 "everythingx-protocol",
]

[[package]]
name = "everythingx-adapter-bmp-to-ico"
version = "0.1.0"
dependencies = [
 "bmp-to-ico",
 "everythingx-protocol",
]

[[package]]
name = "everythingx-adapter-bmp-to-pam"
version = "0.1.0"
dependencies = [
 "bmp-to-pam",
 "everythingx-protocol",
]

[[package]]
name = "everythingx-adapter-bmp-to-png"
version = "0.1.0"
dependencies = [
 "bmp-to-png",
 "everythingx-protocol",
]

[[package]]
name = "everythingx-adapter-bmp-to-ppm"
version = "0.1.0"
dependencies = [
 "bmp-to-ppm",
 "everythingx-protocol",
]

[[package]]
name = "everythingx-adapter-bmp-to-qoi"
version = "0.1.0"
dependencies = [
 "bmp-to-qoi",
 "everythingx-protocol",
]

[[package]]
name = "everythingx-adapter-bmp-to-tga"
version = "0.1.0"
dependencies = [
 "bmp-to-tga",
 "everythingx-protocol",
]

[[package]]
name = "everythingx-adapter-bw64-pcm-to-aiff-pcm"
version = "0.1.0"
dependencies = [
 "bw64-pcm-to-aiff-pcm",
 "everythingx-protocol",
]

[[package]]
name = "everythingx-adapter-bw64-pcm-to-au-pcm"
version = "0.1.0"
dependencies = [
 "bw64-pcm-to-au-pcm",
 "everythingx-protocol",
]

[[package]]
name = "everythingx-adapter-bw64-pcm-to-bwf-pcm"
version = "0.1.0"
dependencies = [
 "bw64-pcm-to-bwf-pcm",
 "everythingx-protocol",
]

[[package]]
name = "everythingx-adapter-bw64-pcm-to-caf-pcm"
version = "0.1.0"
dependencies = [
 "bw64-pcm-to-caf-pcm",
 "everythingx-protocol",
]

[[package]]
name = "everythingx-adapter-bw64-pcm-to-rf64-pcm"
version = "0.1.0"
dependencies = [
 "bw64-pcm-to-rf64-pcm",
 "everythingx-protocol",
]

[[package]]
name = "everythingx-adapter-bw64-pcm-to-wav-pcm"
version = "0.1.0"
dependencies = [
 "bw64-pcm-to-wav-pcm",
 "everythingx-protocol",
]

[[package]]
name = "everythingx-adapter-bw64-pcm-to-wave64-pcm"
version = "0.1.0"
dependencies = [
 "bw64-pcm-to-wave64-pcm",
 "everythingx-protocol",
]

[[package]]
name = "everythingx-adapter-bwf-pcm-to-aiff-pcm"
version = "0.1.0"
dependencies = [
 "bwf-pcm-to-aiff-pcm",
 "everythingx-protocol",
]

[[package]]
name = "everythingx-adapter-bwf-pcm-to-au-pcm"
version = "0.1.0"
dependencies = [
 "bwf-pcm-to-au-pcm",
 "everythingx-protocol",
]

[[package]]
name = "everythingx-adapter-bwf-pcm-to-bw64-pcm"
version = "0.1.0"
dependencies = [
 "bwf-pcm-to-bw64-pcm",
 "everythingx-protocol",
]

[[package]]
name = "everythingx-adapter-bwf-pcm-to-caf-pcm"
version = "0.1.0"
dependencies = [
 "bwf-pcm-to-caf-pcm",
 "everythingx-protocol",
]

[[package]]
name = "everythingx-adapter-bwf-pcm-to-rf64-pcm"
version = "0.1.0"
dependencies = [
 "bwf-pcm-to-rf64-pcm",
 "everythingx-protocol",
]

[[package]]
name = "everythingx-adapter-bwf-pcm-to-wav-pcm"
version = "0.1.0"
dependencies = [
 "bwf-pcm-to-wav-pcm",
 "everythingx-protocol",
]

[[package]]
name = "everythingx-adapter-bwf-pcm-to-wave64-pcm"
version = "0.1.0"
dependencies = [
 "bwf-pcm-to-wave64-pcm",
 "everythingx-protocol",
]

[[package]]
name = "everythingx-adapter-caf-pcm-to-aiff-pcm"
version = "0.1.0"
dependencies = [
 "caf-pcm-to-aiff-pcm",
 "everythingx-protocol",
]

[[package]]
name = "everythingx-adapter-caf-pcm-to-au-pcm"
version = "0.1.0"
dependencies = [
 "caf-pcm-to-au-pcm",
 "everythingx-protocol",
]

[[package]]
name = "everythingx-adapter-caf-pcm-to-bw64-pcm"
version = "0.1.0"
dependencies = [
 "caf-pcm-to-bw64-pcm",
 "everythingx-protocol",
]

[[package]]
name = "everythingx-adapter-caf-pcm-to-bwf-pcm"
version = "0.1.0"
dependencies = [
 "caf-pcm-to-bwf-pcm",
 "everythingx-protocol",
]

[[package]]
name = "everythingx-adapter-caf-pcm-to-rf64-pcm"
version = "0.1.0"
dependencies = [
 "caf-pcm-to-rf64-pcm",
 "everythingx-protocol",
]

[[package]]
name = "everythingx-adapter-caf-pcm-to-wav-pcm"
version = "0.1.0"
dependencies = [
 "caf-pcm-to-wav-pcm",
 "everythingx-protocol",
]

[[package]]
name = "everythingx-adapter-caf-pcm-to-wave64-pcm"
version = "0.1.0"
dependencies = [
 "caf-pcm-to-wave64-pcm",
 "everythingx-protocol",
]

[[package]]
name = "everythingx-adapter-cur-best-to-bmp"
version = "0.1.0"
dependencies = [
 "cur-best-to-bmp",
 "everythingx-protocol",
]

[[package]]
name = "everythingx-adapter-cur-best-to-png"
version = "0.1.0"
dependencies = [
 "cur-best-to-png",
 "everythingx-protocol",
]

[[package]]
name = "everythingx-adapter-cur-best-to-qoi"
version = "0.1.0"
dependencies = [
 "cur-best-to-qoi",
 "everythingx-protocol",
]

[[package]]
name = "everythingx-adapter-gif-animation-to-sprite-sheet-png"
version = "0.1.0"
dependencies = [
 "everythingx-protocol",
 "gif-animation-to-sprite-sheet-png",
]

[[package]]
name = "everythingx-adapter-gif-render-frame-to-png"
version = "0.1.0"
dependencies = [
 "everythingx-protocol",
 "gif-render-frame-to-png",
]

[[package]]
name = "everythingx-adapter-gif-to-bmp"
version = "0.1.0"
dependencies = [
 "everythingx-protocol",
 "gif-to-bmp",
]

[[package]]
name = "everythingx-adapter-gif-to-pam"
version = "0.1.0"
dependencies = [
 "everythingx-protocol",
 "gif-to-pam",
]

[[package]]
name = "everythingx-adapter-gif-to-png"
version = "0.1.0"
dependencies = [
 "everythingx-protocol",
 "gif-to-png",
]

[[package]]
name = "everythingx-adapter-gif-to-ppm"
version = "0.1.0"
dependencies = [
 "everythingx-protocol",
 "gif-to-ppm",
]

[[package]]
name = "everythingx-adapter-gif-to-qoi"
version = "0.1.0"
dependencies = [
 "everythingx-protocol",
 "gif-to-qoi",
]

[[package]]
name = "everythingx-adapter-gif-to-tga"
version = "0.1.0"
dependencies = [
 "everythingx-protocol",
 "gif-to-tga",
]

[[package]]
name = "everythingx-adapter-ico-best-to-bmp"
version = "0.1.0"
dependencies = [
 "everythingx-protocol",
 "ico-best-to-bmp",
]

[[package]]
name = "everythingx-adapter-ico-best-to-png"
version = "0.1.0"
dependencies = [
 "everythingx-protocol",
 "ico-best-to-png",
]

[[package]]
name = "everythingx-adapter-ico-best-to-qoi"
version = "0.1.0"
dependencies = [
 "everythingx-protocol",
 "ico-best-to-qoi",
]

[[package]]
name = "everythingx-adapter-normalize-png"
version = "0.1.0"
dependencies = [
 "everythingx-protocol",
 "normalize-png",
]

[[package]]
name = "everythingx-adapter-pam-to-bmp"
version = "0.1.0"
dependencies = [
 "everythingx-protocol",
 "pam-to-bmp",
]

[[package]]
name = "everythingx-adapter-pam-to-gif"
version = "0.1.0"
dependencies = [
 "everythingx-protocol",
 "pam-to-gif",
]

[[package]]
name = "everythingx-adapter-pam-to-png"
version = "0.1.0"
dependencies = [
 "everythingx-protocol",
 "pam-to-png",
]

[[package]]
name = "everythingx-adapter-pam-to-ppm"
version = "0.1.0"
dependencies = [
 "everythingx-protocol",
 "pam-to-ppm",
]

[[package]]
name = "everythingx-adapter-pam-to-qoi"
version = "0.1.0"
dependencies = [
 "everythingx-protocol",
 "pam-to-qoi",
]

[[package]]
name = "everythingx-adapter-pam-to-tga"
version = "0.1.0"
dependencies = [
 "everythingx-protocol",
 "pam-to-tga",
]

[[package]]
name = "everythingx-adapter-png-alpha-premultiply"
version = "0.1.0"
dependencies = [
 "everythingx-protocol",
 "png-alpha-premultiply",
]

[[package]]
name = "everythingx-adapter-png-alpha-unpremultiply"
version = "0.1.0"
dependencies = [
 "everythingx-protocol",
 "png-alpha-unpremultiply",
]

[[package]]
name = "everythingx-adapter-png-crop"
version = "0.1.0"
dependencies = [
 "everythingx-protocol",
 "png-crop",
]

[[package]]
name = "everythingx-adapter-png-flip-horizontal"
version = "0.1.0"
dependencies = [
 "everythingx-protocol",
 "png-flip-horizontal",
]

[[package]]
name = "everythingx-adapter-png-flip-vertical"
version = "0.1.0"
dependencies = [
 "everythingx-protocol",
 "png-flip-vertical",
]

[[package]]
name = "everythingx-adapter-png-pad"
version = "0.1.0"
dependencies = [
 "everythingx-protocol",
 "png-pad",
]

[[package]]
name = "everythingx-adapter-png-rotate-180"
version = "0.1.0"
dependencies = [
 "everythingx-protocol",
 "png-rotate-180",
]

[[package]]
name = "everythingx-adapter-png-rotate-270"
version = "0.1.0"
dependencies = [
 "everythingx-protocol",
 "png-rotate-270",
]

[[package]]
name = "everythingx-adapter-png-rotate-90"
version = "0.1.0"
dependencies = [
 "everythingx-protocol",
 "png-rotate-90",
]

[[package]]
name = "everythingx-adapter-png-to-bmp"
version = "0.1.0"
dependencies = [
 "everythingx-protocol",
 "png-to-bmp",
]

[[package]]
name = "everythingx-adapter-png-to-cur"
version = "0.1.0"
dependencies = [
 "everythingx-protocol",
 "png-to-cur",
]

[[package]]
name = "everythingx-adapter-png-to-gif"
version = "0.1.0"
dependencies = [
 "everythingx-protocol",
 "png-to-gif",
]

[[package]]
name = "everythingx-adapter-png-to-ico"
version = "0.1.0"
dependencies = [
 "everythingx-protocol",
 "png-to-ico",
]

[[package]]
name = "everythingx-adapter-png-to-pam"
version = "0.1.0"
dependencies = [
 "everythingx-protocol",
 "png-to-pam",
]

[[package]]
name = "everythingx-adapter-png-to-ppm"
version = "0.1.0"
dependencies = [
 "everythingx-protocol",
 "png-to-ppm",
]

[[package]]
name = "everythingx-adapter-png-to-qoi"
version = "0.1.0"
dependencies = [
 "everythingx-protocol",
 "png-to-qoi",
]

[[package]]
name = "everythingx-adapter-png-to-tga"
version = "0.1.0"
dependencies = [
 "everythingx-protocol",
 "png-to-tga",
]

[[package]]
name = "everythingx-adapter-ppm-to-bmp"
version = "0.1.0"
dependencies = [
 "everythingx-protocol",
 "ppm-to-bmp",
]

[[package]]
name = "everythingx-adapter-ppm-to-gif"
version = "0.1.0"
dependencies = [
 "everythingx-protocol",
 "ppm-to-gif",
]

[[package]]
name = "everythingx-adapter-ppm-to-pam"
version = "0.1.0"
dependencies = [
 "everythingx-protocol",
 "ppm-to-pam",
]

[[package]]
name = "everythingx-adapter-ppm-to-png"
version = "0.1.0"
dependencies = [
 "everythingx-protocol",
 "ppm-to-png",
]

[[package]]
name = "everythingx-adapter-ppm-to-qoi"
version = "0.1.0"
dependencies = [
 "everythingx-protocol",
 "ppm-to-qoi",
]

[[package]]
name = "everythingx-adapter-ppm-to-tga"
version = "0.1.0"
dependencies = [
 "everythingx-protocol",
 "ppm-to-tga",
]

[[package]]
name = "everythingx-adapter-qoi-to-bmp"
version = "0.1.0"
dependencies = [
 "everythingx-protocol",
 "qoi-to-bmp",
]

[[package]]
name = "everythingx-adapter-qoi-to-cur"
version = "0.1.0"
dependencies = [
 "everythingx-protocol",
 "qoi-to-cur",
]

[[package]]
name = "everythingx-adapter-qoi-to-gif"
version = "0.1.0"
dependencies = [
 "everythingx-protocol",
 "qoi-to-gif",
]

[[package]]
name = "everythingx-adapter-qoi-to-ico"
version = "0.1.0"
dependencies = [
 "everythingx-protocol",
 "qoi-to-ico",
]

[[package]]
name = "everythingx-adapter-qoi-to-pam"
version = "0.1.0"
dependencies = [
 "everythingx-protocol",
 "qoi-to-pam",
]

[[package]]
name = "everythingx-adapter-qoi-to-png"
version = "0.1.0"
dependencies = [
 "everythingx-protocol",
 "qoi-to-png",
]

[[package]]
name = "everythingx-adapter-qoi-to-ppm"
version = "0.1.0"
dependencies = [
 "everythingx-protocol",
 "qoi-to-ppm",
]

[[package]]
name = "everythingx-adapter-qoi-to-tga"
version = "0.1.0"
dependencies = [
 "everythingx-protocol",
 "qoi-to-tga",
]

[[package]]
name = "everythingx-adapter-raw-pcm-channel-map"
version = "0.1.0"
dependencies = [
 "everythingx-protocol",
 "raw-pcm-channel-map",
]

[[package]]
name = "everythingx-adapter-raw-pcm-endian-signedness-normalize"
version = "0.1.0"
dependencies = [
 "everythingx-protocol",
 "raw-pcm-endian-signedness-normalize",
]

[[package]]
name = "everythingx-adapter-raw-pcm-reverse"
version = "0.1.0"
dependencies = [
 "everythingx-protocol",
 "raw-pcm-reverse",
]

[[package]]
name = "everythingx-adapter-raw-pcm-to-wav-pcm"
version = "0.1.0"
dependencies = [
 "everythingx-protocol",
 "raw-pcm-to-wav-pcm",
]

[[package]]
name = "everythingx-adapter-raw-pcm-trim"
version = "0.1.0"
dependencies = [
 "everythingx-protocol",
 "raw-pcm-trim",
]

[[package]]
name = "everythingx-adapter-rf64-pcm-to-aiff-pcm"
version = "0.1.0"
dependencies = [
 "everythingx-protocol",
 "rf64-pcm-to-aiff-pcm",
]

[[package]]
name = "everythingx-adapter-rf64-pcm-to-au-pcm"
version = "0.1.0"
dependencies = [
 "everythingx-protocol",
 "rf64-pcm-to-au-pcm",
]

[[package]]
name = "everythingx-adapter-rf64-pcm-to-bw64-pcm"
version = "0.1.0"
dependencies = [
 "everythingx-protocol",
 "rf64-pcm-to-bw64-pcm",
]

[[package]]
name = "everythingx-adapter-rf64-pcm-to-bwf-pcm"
version = "0.1.0"
dependencies = [
 "everythingx-protocol",
 "rf64-pcm-to-bwf-pcm",
]

[[package]]
name = "everythingx-adapter-rf64-pcm-to-caf-pcm"
version = "0.1.0"
dependencies = [
 "everythingx-protocol",
 "rf64-pcm-to-caf-pcm",
]

[[package]]
name = "everythingx-adapter-rf64-pcm-to-wav-pcm"
version = "0.1.0"
dependencies = [
 "everythingx-protocol",
 "rf64-pcm-to-wav-pcm",
]

[[package]]
name = "everythingx-adapter-rf64-pcm-to-wave64-pcm"
version = "0.1.0"
dependencies = [
 "everythingx-protocol",
 "rf64-pcm-to-wave64-pcm",
]

[[package]]
name = "everythingx-adapter-tga-to-bmp"
version = "0.1.0"
dependencies = [
 "everythingx-protocol",
 "tga-to-bmp",
]

[[package]]
name = "everythingx-adapter-tga-to-gif"
version = "0.1.0"
dependencies = [
 "everythingx-protocol",
 "tga-to-gif",
]

[[package]]
name = "everythingx-adapter-tga-to-pam"
version = "0.1.0"
dependencies = [
 "everythingx-protocol",
 "tga-to-pam",
]

[[package]]
name = "everythingx-adapter-tga-to-png"
version = "0.1.0"
dependencies = [
 "everythingx-protocol",
 "tga-to-png",
]

[[package]]
name = "everythingx-adapter-tga-to-ppm"
version = "0.1.0"
dependencies = [
 "everythingx-protocol",
 "tga-to-ppm",
]

[[package]]
name = "everythingx-adapter-tga-to-qoi"
version = "0.1.0"
dependencies = [
 "everythingx-protocol",
 "tga-to-qoi",
]

[[package]]
name = "everythingx-adapter-utf16-to-utf8"
version = "0.1.0"
dependencies = [
 "everythingx-protocol",
 "utf16-to-utf8",
]

[[package]]
name = "everythingx-adapter-validate-cur"
version = "0.1.0"
dependencies = [
 "everythingx-protocol",
 "validate-cur",
]

[[package]]
name = "everythingx-adapter-validate-gif"
version = "0.1.0"
dependencies = [
 "everythingx-protocol",
 "validate-gif",
]

[[package]]
name = "everythingx-adapter-validate-ico"
version = "0.1.0"
dependencies = [
 "everythingx-protocol",
 "validate-ico",
]

[[package]]
name = "everythingx-adapter-validate-png"
version = "0.1.0"
dependencies = [
 "everythingx-protocol",
 "validate-png",
]

[[package]]
name = "everythingx-adapter-wav-pcm-to-aiff"
version = "0.1.0"
dependencies = [
 "everythingx-protocol",
 "wav-pcm-to-aiff",
]

[[package]]
name = "everythingx-adapter-wav-pcm-to-au-pcm"
version = "0.1.0"
dependencies = [
 "everythingx-protocol",
 "wav-pcm-to-au-pcm",
]

[[package]]
name = "everythingx-adapter-wav-pcm-to-bw64-pcm"
version = "0.1.0"
dependencies = [
 "everythingx-protocol",
 "wav-pcm-to-bw64-pcm",
]

[[package]]
name = "everythingx-adapter-wav-pcm-to-bwf-pcm"
version = "0.1.0"
dependencies = [
 "everythingx-protocol",
 "wav-pcm-to-bwf-pcm",
]

[[package]]
name = "everythingx-adapter-wav-pcm-to-caf-pcm"
version = "0.1.0"
dependencies = [
 "everythingx-protocol",
 "wav-pcm-to-caf-pcm",
]

[[package]]
name = "everythingx-adapter-wav-pcm-to-raw-pcm"
version = "0.1.0"
dependencies = [
 "everythingx-protocol",
 "wav-pcm-to-raw-pcm",
]

[[package]]
name = "everythingx-adapter-wav-pcm-to-rf64-pcm"
version = "0.1.0"
dependencies = [
 "everythingx-protocol",
 "wav-pcm-to-rf64-pcm",
]

[[package]]
name = "everythingx-adapter-wav-pcm-to-wave64-pcm"
version = "0.1.0"
dependencies = [
 "everythingx-protocol",
 "wav-pcm-to-wave64-pcm",
]

[[package]]
name = "everythingx-adapter-wave64-pcm-to-aiff-pcm"
version = "0.1.0"
dependencies = [
 "everythingx-protocol",
 "wave64-pcm-to-aiff-pcm",
]

[[package]]
name = "everythingx-adapter-wave64-pcm-to-au-pcm"
version = "0.1.0"
dependencies = [
 "everythingx-protocol",
 "wave64-pcm-to-au-pcm",
]

[[package]]
name = "everythingx-adapter-wave64-pcm-to-bw64-pcm"
version = "0.1.0"
dependencies = [
 "everythingx-protocol",
 "wave64-pcm-to-bw64-pcm",
]

[[package]]
name = "everythingx-adapter-wave64-pcm-to-bwf-pcm"
version = "0.1.0"
dependencies = [
 "everythingx-protocol",
 "wave64-pcm-to-bwf-pcm",
]

[[package]]
name = "everythingx-adapter-wave64-pcm-to-caf-pcm"
version = "0.1.0"
dependencies = [
 "everythingx-protocol",
 "wave64-pcm-to-caf-pcm",
]

[[package]]
name = "everythingx-adapter-wave64-pcm-to-rf64-pcm"
version = "0.1.0"
dependencies = [
 "everythingx-protocol",
 "wave64-pcm-to-rf64-pcm",
]

[[package]]
name = "everythingx-adapter-wave64-pcm-to-wav-pcm"
version = "0.1.0"
dependencies = [
 "everythingx-protocol",
 "wave64-pcm-to-wav-pcm",
]

[[package]]
name = "everythingx-capability-bench"
version = "0.1.0"
dependencies = [
 "everythingx-adapter-aiff-pcm-to-au-pcm",
 "everythingx-adapter-aiff-pcm-to-bw64-pcm",
 "everythingx-adapter-aiff-pcm-to-bwf-pcm",
 "everythingx-adapter-aiff-pcm-to-caf-pcm",
 "everythingx-adapter-aiff-pcm-to-rf64-pcm",
 "everythingx-adapter-aiff-pcm-to-wav-pcm",
 "everythingx-adapter-aiff-pcm-to-wave64-pcm",
 "everythingx-adapter-au-pcm-to-aiff-pcm",
 "everythingx-adapter-au-pcm-to-bw64-pcm",
 "everythingx-adapter-au-pcm-to-bwf-pcm",
 "everythingx-adapter-au-pcm-to-caf-pcm",
 "everythingx-adapter-au-pcm-to-rf64-pcm",
 "everythingx-adapter-au-pcm-to-wav-pcm",
 "everythingx-adapter-au-pcm-to-wave64-pcm",
 "everythingx-adapter-bmp-to-cur",
 "everythingx-adapter-bmp-to-gif",
 "everythingx-adapter-bmp-to-ico",
 "everythingx-adapter-bmp-to-pam",
 "everythingx-adapter-bmp-to-png",
 "everythingx-adapter-bmp-to-ppm",
 "everythingx-adapter-bmp-to-qoi",
 "everythingx-adapter-bmp-to-tga",
 "everythingx-adapter-bw64-pcm-to-aiff-pcm",
 "everythingx-adapter-bw64-pcm-to-au-pcm",
 "everythingx-adapter-bw64-pcm-to-bwf-pcm",
 "everythingx-adapter-bw64-pcm-to-caf-pcm",
 "everythingx-adapter-bw64-pcm-to-rf64-pcm",
 "everythingx-adapter-bw64-pcm-to-wav-pcm",
 "everythingx-adapter-bw64-pcm-to-wave64-pcm",
 "everythingx-adapter-bwf-pcm-to-aiff-pcm",
 "everythingx-adapter-bwf-pcm-to-au-pcm",
 "everythingx-adapter-bwf-pcm-to-bw64-pcm",
 "everythingx-adapter-bwf-pcm-to-caf-pcm",
 "everythingx-adapter-bwf-pcm-to-rf64-pcm",
 "everythingx-adapter-bwf-pcm-to-wav-pcm",
 "everythingx-adapter-bwf-pcm-to-wave64-pcm",
 "everythingx-adapter-caf-pcm-to-aiff-pcm",
 "everythingx-adapter-caf-pcm-to-au-pcm",
 "everythingx-adapter-caf-pcm-to-bw64-pcm",
 "everythingx-adapter-caf-pcm-to-bwf-pcm",
 "everythingx-adapter-caf-pcm-to-rf64-pcm",
 "everythingx-adapter-caf-pcm-to-wav-pcm",
 "everythingx-adapter-caf-pcm-to-wave64-pcm",
 "everythingx-adapter-cur-best-to-bmp",
 "everythingx-adapter-cur-best-to-png",
 "everythingx-adapter-cur-best-to-qoi",
 "everythingx-adapter-gif-animation-to-sprite-sheet-png",
 "everythingx-adapter-gif-render-frame-to-png",
 "everythingx-adapter-gif-to-bmp",
 "everythingx-adapter-gif-to-pam",
 "everythingx-adapter-gif-to-png",
 "everythingx-adapter-gif-to-ppm",
 "everythingx-adapter-gif-to-qoi",
 "everythingx-adapter-gif-to-tga",
 "everythingx-adapter-ico-best-to-bmp",
 "everythingx-adapter-ico-best-to-png",
 "everythingx-adapter-ico-best-to-qoi",
 "everythingx-adapter-normalize-png",
 "everythingx-adapter-pam-to-bmp",
 "everythingx-adapter-pam-to-gif",
 "everythingx-adapter-pam-to-png",
 "everythingx-adapter-pam-to-ppm",
 "everythingx-adapter-pam-to-qoi",
 "everythingx-adapter-pam-to-tga",
 "everythingx-adapter-png-alpha-premultiply",
 "everythingx-adapter-png-alpha-unpremultiply",
 "everythingx-adapter-png-crop",
 "everythingx-adapter-png-flip-horizontal",
 "everythingx-adapter-png-flip-vertical",
 "everythingx-adapter-png-pad",
 "everythingx-adapter-png-rotate-180",
 "everythingx-adapter-png-rotate-270",
 "everythingx-adapter-png-rotate-90",
 "everythingx-adapter-png-to-bmp",
 "everythingx-adapter-png-to-cur",
 "everythingx-adapter-png-to-gif",
 "everythingx-adapter-png-to-ico",
 "everythingx-adapter-png-to-pam",
 "everythingx-adapter-png-to-ppm",
 "everythingx-adapter-png-to-qoi",
 "everythingx-adapter-png-to-tga",
 "everythingx-adapter-ppm-to-bmp",
 "everythingx-adapter-ppm-to-gif",
 "everythingx-adapter-ppm-to-pam",
 "everythingx-adapter-ppm-to-png",
 "everythingx-adapter-ppm-to-qoi",
 "everythingx-adapter-ppm-to-tga",
 "everythingx-adapter-qoi-to-bmp",
 "everythingx-adapter-qoi-to-cur",
 "everythingx-adapter-qoi-to-gif",
 "everythingx-adapter-qoi-to-ico",
 "everythingx-adapter-qoi-to-pam",
 "everythingx-adapter-qoi-to-png",
 "everythingx-adapter-qoi-to-ppm",
 "everythingx-adapter-qoi-to-tga",
 "everythingx-adapter-raw-pcm-channel-map",
 "everythingx-adapter-raw-pcm-endian-signedness-normalize",
 "everythingx-adapter-raw-pcm-reverse",
 "everythingx-adapter-raw-pcm-to-wav-pcm",
 "everythingx-adapter-raw-pcm-trim",
 "everythingx-adapter-rf64-pcm-to-aiff-pcm",
 "everythingx-adapter-rf64-pcm-to-au-pcm",
 "everythingx-adapter-rf64-pcm-to-bw64-pcm",
 "everythingx-adapter-rf64-pcm-to-bwf-pcm",
 "everythingx-adapter-rf64-pcm-to-caf-pcm",
 "everythingx-adapter-rf64-pcm-to-wav-pcm",
 "everythingx-adapter-rf64-pcm-to-wave64-pcm",
 "everythingx-adapter-tga-to-bmp",
 "everythingx-adapter-tga-to-gif",
 "everythingx-adapter-tga-to-pam",
 "everythingx-adapter-tga-to-png",
 "everythingx-adapter-tga-to-ppm",
 "everythingx-adapter-tga-to-qoi",
 "everythingx-adapter-utf16-to-utf8",
 "everythingx-adapter-validate-cur",
 "everythingx-adapter-validate-gif",
 "everythingx-adapter-validate-ico",
 "everythingx-adapter-validate-png",
 "everythingx-adapter-wav-pcm-to-aiff",
 "everythingx-adapter-wav-pcm-to-au-pcm",
 "everythingx-adapter-wav-pcm-to-bw64-pcm",
 "everythingx-adapter-wav-pcm-to-bwf-pcm",
 "everythingx-adapter-wav-pcm-to-caf-pcm",
 "everythingx-adapter-wav-pcm-to-raw-pcm",
 "everythingx-adapter-wav-pcm-to-rf64-pcm",
 "everythingx-adapter-wav-pcm-to-wave64-pcm",
 "everythingx-adapter-wave64-pcm-to-aiff-pcm",
 "everythingx-adapter-wave64-pcm-to-au-pcm",
 "everythingx-adapter-wave64-pcm-to-bw64-pcm",
 "everythingx-adapter-wave64-pcm-to-bwf-pcm",
 "everythingx-adapter-wave64-pcm-to-caf-pcm",
 "everythingx-adapter-wave64-pcm-to-rf64-pcm",
 "everythingx-adapter-wave64-pcm-to-wav-pcm",
 "everythingx-kernel",
 "everythingx-protocol",
]

[[package]]
name = "everythingx-kernel"
version = "0.1.0"
dependencies = [
 "everythingx-protocol",
]

[[package]]
name = "everythingx-protocol"
version = "0.1.0"

[[package]]
name = "gif-animation-to-sprite-sheet-png"
version = "0.1.0"

[[package]]
name = "gif-render-frame-to-png"
version = "0.1.0"

[[package]]
name = "gif-to-bmp"
version = "0.1.0"

[[package]]
name = "gif-to-pam"
version = "0.1.0"

[[package]]
name = "gif-to-png"
version = "0.1.0"

[[package]]
name = "gif-to-ppm"
version = "0.1.0"

[[package]]
name = "gif-to-qoi"
version = "0.1.0"

[[package]]
name = "gif-to-tga"
version = "0.1.0"

[[package]]
name = "ico-best-to-bmp"
version = "0.1.0"

[[package]]
name = "ico-best-to-png"
version = "0.1.0"

[[package]]
name = "ico-best-to-qoi"
version = "0.1.0"

[[package]]
name = "normalize-png"
version = "0.1.0"

[[package]]
name = "pam-to-bmp"
version = "0.1.0"

[[package]]
name = "pam-to-gif"
version = "0.1.0"

[[package]]
name = "pam-to-png"
version = "0.1.0"

[[package]]
name = "pam-to-ppm"
version = "0.1.0"

[[package]]
name = "pam-to-qoi"
version = "0.1.0"

[[package]]
name = "pam-to-tga"
version = "0.1.0"

[[package]]
name = "png-alpha-premultiply"
version = "0.1.0"

[[package]]
name = "png-alpha-unpremultiply"
version = "0.1.0"

[[package]]
name = "png-crop"
version = "0.1.0"

[[package]]
name = "png-flip-horizontal"
version = "0.1.0"

[[package]]
name = "png-flip-vertical"
version = "0.1.0"

[[package]]
name = "png-pad"
version = "0.1.0"

[[package]]
name = "png-rotate-180"
version = "0.1.0"

[[package]]
name = "png-rotate-270"
version = "0.1.0"

[[package]]
name = "png-rotate-90"
version = "0.1.0"

[[package]]
name = "png-to-bmp"
version = "0.1.0"

[[package]]
name = "png-to-cur"
version = "0.1.0"

[[package]]
name = "png-to-gif"
version = "0.1.0"

[[package]]
name = "png-to-ico"
version = "0.1.0"

[[package]]
name = "png-to-pam"
version = "0.1.0"

[[package]]
name = "png-to-ppm"
version = "0.1.0"

[[package]]
name = "png-to-qoi"
version = "0.1.0"

[[package]]
name = "png-to-tga"
version = "0.1.0"

[[package]]
name = "ppm-to-bmp"
version = "0.1.0"

[[package]]
name = "ppm-to-gif"
version = "0.1.0"

[[package]]
name = "ppm-to-pam"
version = "0.1.0"

[[package]]
name = "ppm-to-png"
version = "0.1.0"

[[package]]
name = "ppm-to-qoi"
version = "0.1.0"

[[package]]
name = "ppm-to-tga"
version = "0.1.0"

[[package]]
name = "qoi-to-bmp"
version = "0.1.0"

[[package]]
name = "qoi-to-cur"
version = "0.1.0"

[[package]]
name = "qoi-to-gif"
version = "0.1.0"

[[package]]
name = "qoi-to-ico"
version = "0.1.0"

[[package]]
name = "qoi-to-pam"
version = "0.1.0"

[[package]]
name = "qoi-to-png"
version = "0.1.0"

[[package]]
name = "qoi-to-ppm"
version = "0.1.0"

[[package]]
name = "qoi-to-tga"
version = "0.1.0"

[[package]]
name = "raw-pcm-channel-map"
version = "0.1.0"

[[package]]
name = "raw-pcm-endian-signedness-normalize"
version = "0.1.0"

[[package]]
name = "raw-pcm-reverse"
version = "0.1.0"

[[package]]
name = "raw-pcm-to-wav-pcm"
version = "0.1.0"

[[package]]
name = "raw-pcm-trim"
version = "0.1.0"

[[package]]
name = "rf64-pcm-to-aiff-pcm"
version = "0.1.0"

[[package]]
name = "rf64-pcm-to-au-pcm"
version = "0.1.0"

[[package]]
name = "rf64-pcm-to-bw64-pcm"
version = "0.1.0"

[[package]]
name = "rf64-pcm-to-bwf-pcm"
version = "0.1.0"

[[package]]
name = "rf64-pcm-to-caf-pcm"
version = "0.1.0"

[[package]]
name = "rf64-pcm-to-wav-pcm"
version = "0.1.0"

[[package]]
name = "rf64-pcm-to-wave64-pcm"
version = "0.1.0"

[[package]]
name = "tga-to-bmp"
version = "0.1.0"

[[package]]
name = "tga-to-gif"
version = "0.1.0"

[[package]]
name = "tga-to-pam"
version = "0.1.0"

[[package]]
name = "tga-to-png"
version = "0.1.0"

[[package]]
name = "tga-to-ppm"
version = "0.1.0"

[[package]]
name = "tga-to-qoi"
version = "0.1.0"

[[package]]
name = "utf16-to-utf8"
version = "0.1.0"

[[package]]
name = "validate-cur"
version = "0.1.0"

[[package]]
name = "validate-gif"
version = "0.1.0"

[[package]]
name = "validate-ico"
version = "0.1.0"

[[package]]
name = "validate-png"
version = "0.1.0"

[[package]]
name = "wav-pcm-to-aiff"
version = "0.1.0"

[[package]]
name = "wav-pcm-to-au-pcm"
version = "0.1.0"

[[package]]
name = "wav-pcm-to-bw64-pcm"
version = "0.1.0"

[[package]]
name = "wav-pcm-to-bwf-pcm"
version = "0.1.0"

[[package]]
name = "wav-pcm-to-caf-pcm"
version = "0.1.0"

[[package]]
name = "wav-pcm-to-raw-pcm"
version = "0.1.0"

[[package]]
name = "wav-pcm-to-rf64-pcm"
version = "0.1.0"

[[package]]
name = "wav-pcm-to-wave64-pcm"
version = "0.1.0"

[[package]]
name = "wave64-pcm-to-aiff-pcm"
version = "0.1.0"

[[package]]
name = "wave64-pcm-to-au-pcm"
version = "0.1.0"

[[package]]
name = "wave64-pcm-to-bw64-pcm"
version = "0.1.0"

[[package]]
name = "wave64-pcm-to-bwf-pcm"
version = "0.1.0"

[[package]]
name = "wave64-pcm-to-caf-pcm"
version = "0.1.0"

[[package]]
name = "wave64-pcm-to-rf64-pcm"
version = "0.1.0"

[[package]]
name = "wave64-pcm-to-wav-pcm"
version = "0.1.0"
